// !$*UTF8*$!
{
	archiveVersion = 1;
	classes = {
	};
	objectVersion = 46;
	objects = {

/* Begin PBXBuildFile section */
		E23ADF781D1DAC7100240D79 /* AppDelegate.swift in Sources */ = {isa = PBXBuildFile; fileRef = E23ADF771D1DAC7100240D79 /* AppDelegate.swift */; };
		E23ADF7D1D1DAC7100240D79 /* Main.storyboard in Resources */ = {isa = PBXBuildFile; fileRef = E23ADF7B1D1DAC7100240D79 /* Main.storyboard */; };
		E23ADF7F1D1DAC7100240D79 /* Assets.xcassets in Resources */ = {isa = PBXBuildFile; fileRef = E23ADF7E1D1DAC7100240D79 /* Assets.xcassets */; };
		E23ADF821D1DAC7100240D79 /* LaunchScreen.storyboard in Resources */ = {isa = PBXBuildFile; fileRef = E23ADF801D1DAC7100240D79 /* LaunchScreen.storyboard */; };
		E23ADF8A1D1DAFDE00240D79 /* PairTableViewController.swift in Sources */ = {isa = PBXBuildFile; fileRef = E23ADF891D1DAFDE00240D79 /* PairTableViewController.swift */; };
		E23ADF8C1D1DAFED00240D79 /* PairController.swift in Sources */ = {isa = PBXBuildFile; fileRef = E23ADF8B1D1DAFED00240D79 /* PairController.swift */; };
		E23ADF911D1DB1AC00240D79 /* Model.xcdatamodeld in Sources */ = {isa = PBXBuildFile; fileRef = E23ADF8F1D1DB1AC00240D79 /* Model.xcdatamodeld */; };
		E23ADF941D1DB27A00240D79 /* Pair+CoreDataProperties.swift in Sources */ = {isa = PBXBuildFile; fileRef = E23ADF921D1DB27A00240D79 /* Pair+CoreDataProperties.swift */; };
		E23ADF951D1DB27A00240D79 /* Pair.swift in Sources */ = {isa = PBXBuildFile; fileRef = E23ADF931D1DB27A00240D79 /* Pair.swift */; };
		E23ADF9A1D1DB35000240D79 /* Stack.swift in Sources */ = {isa = PBXBuildFile; fileRef = E23ADF991D1DB35000240D79 /* Stack.swift */; };
/* End PBXBuildFile section */

/* Begin PBXFileReference section */
		E23ADF741D1DAC7100240D79 /* Pair.app */ = {isa = PBXFileReference; explicitFileType = wrapper.application; includeInIndex = 0; path = Pair.app; sourceTree = BUILT_PRODUCTS_DIR; };
		E23ADF771D1DAC7100240D79 /* AppDelegate.swift */ = {isa = PBXFileReference; lastKnownFileType = sourcecode.swift; path = AppDelegate.swift; sourceTree = "<group>"; };
		E23ADF7C1D1DAC7100240D79 /* Base */ = {isa = PBXFileReference; lastKnownFileType = file.storyboard; name = Base; path = Base.lproj/Main.storyboard; sourceTree = "<group>"; };
		E23ADF7E1D1DAC7100240D79 /* Assets.xcassets */ = {isa = PBXFileReference; lastKnownFileType = folder.assetcatalog; path = Assets.xcassets; sourceTree = "<group>"; };
		E23ADF811D1DAC7100240D79 /* Base */ = {isa = PBXFileReference; lastKnownFileType = file.storyboard; name = Base; path = Base.lproj/LaunchScreen.storyboard; sourceTree = "<group>"; };
		E23ADF831D1DAC7100240D79 /* Info.plist */ = {isa = PBXFileReference; lastKnownFileType = text.plist.xml; path = Info.plist; sourceTree = "<group>"; };
		E23ADF891D1DAFDE00240D79 /* PairTableViewController.swift */ = {isa = PBXFileReference; fileEncoding = 4; lastKnownFileType = sourcecode.swift; path = PairTableViewController.swift; sourceTree = "<group>"; };
		E23ADF8B1D1DAFED00240D79 /* PairController.swift */ = {isa = PBXFileReference; fileEncoding = 4; lastKnownFileType = sourcecode.swift; path = PairController.swift; sourceTree = "<group>"; };
		E23ADF901D1DB1AC00240D79 /* Model.xcdatamodel */ = {isa = PBXFileReference; lastKnownFileType = wrapper.xcdatamodel; path = Model.xcdatamodel; sourceTree = "<group>"; };
		E23ADF921D1DB27A00240D79 /* Pair+CoreDataProperties.swift */ = {isa = PBXFileReference; fileEncoding = 4; lastKnownFileType = sourcecode.swift; path = "Pair+CoreDataProperties.swift"; sourceTree = SOURCE_ROOT; };
		E23ADF931D1DB27A00240D79 /* Pair.swift */ = {isa = PBXFileReference; fileEncoding = 4; lastKnownFileType = sourcecode.swift; path = Pair.swift; sourceTree = SOURCE_ROOT; };
		E23ADF991D1DB35000240D79 /* Stack.swift */ = {isa = PBXFileReference; fileEncoding = 4; lastKnownFileType = sourcecode.swift; path = Stack.swift; sourceTree = "<group>"; };
/* End PBXFileReference section */

/* Begin PBXFrameworksBuildPhase section */
		E23ADF711D1DAC7100240D79 /* Frameworks */ = {
			isa = PBXFrameworksBuildPhase;
			buildActionMask = 2147483647;
			files = (
			);
			runOnlyForDeploymentPostprocessing = 0;
		};
/* End PBXFrameworksBuildPhase section */

/* Begin PBXGroup section */
		E23ADF6B1D1DAC7100240D79 = {
			isa = PBXGroup;
			children = (
				E23ADF761D1DAC7100240D79 /* Pair */,
				E23ADF751D1DAC7100240D79 /* Products */,
			);
			sourceTree = "<group>";
		};
		E23ADF751D1DAC7100240D79 /* Products */ = {
			isa = PBXGroup;
			children = (
				E23ADF741D1DAC7100240D79 /* Pair.app */,
			);
			name = Products;
			sourceTree = "<group>";
		};
		E23ADF761D1DAC7100240D79 /* Pair */ = {
			isa = PBXGroup;
			children = (
				E23ADF771D1DAC7100240D79 /* AppDelegate.swift */,
				E23ADF7B1D1DAC7100240D79 /* Main.storyboard */,
				E23ADF991D1DB35000240D79 /* Stack.swift */,
				E23ADF981D1DB2A400240D79 /* ViewController */,
				E23ADF971D1DB29600240D79 /* Controller */,
				E23ADF961D1DB28400240D79 /* Model */,
				E23ADF7E1D1DAC7100240D79 /* Assets.xcassets */,
				E23ADF801D1DAC7100240D79 /* LaunchScreen.storyboard */,
				E23ADF831D1DAC7100240D79 /* Info.plist */,
			);
			path = Pair;
			sourceTree = "<group>";
		};
		E23ADF961D1DB28400240D79 /* Model */ = {
			isa = PBXGroup;
			children = (
				E23ADF921D1DB27A00240D79 /* Pair+CoreDataProperties.swift */,
				E23ADF931D1DB27A00240D79 /* Pair.swift */,
				E23ADF8F1D1DB1AC00240D79 /* Model.xcdatamodeld */,
			);
			name = Model;
			sourceTree = "<group>";
		};
		E23ADF971D1DB29600240D79 /* Controller */ = {
			isa = PBXGroup;
			children = (
				E23ADF8B1D1DAFED00240D79 /* PairController.swift */,
			);
			name = Controller;
			sourceTree = "<group>";
		};
		E23ADF981D1DB2A400240D79 /* ViewController */ = {
			isa = PBXGroup;
			children = (
				E23ADF891D1DAFDE00240D79 /* PairTableViewController.swift */,
			);
			name = ViewController;
			sourceTree = "<group>";
		};
/* End PBXGroup section */

/* Begin PBXNativeTarget section */
		E23ADF731D1DAC7100240D79 /* Pair */ = {
			isa = PBXNativeTarget;
			buildConfigurationList = E23ADF861D1DAC7100240D79 /* Build configuration list for PBXNativeTarget "Pair" */;
			buildPhases = (
				E23ADF701D1DAC7100240D79 /* Sources */,
				E23ADF711D1DAC7100240D79 /* Frameworks */,
				E23ADF721D1DAC7100240D79 /* Resources */,
			);
			buildRules = (
			);
			dependencies = (
			);
			name = Pair;
			productName = Pair;
			productReference = E23ADF741D1DAC7100240D79 /* Pair.app */;
			productType = "com.apple.product-type.application";
		};
/* End PBXNativeTarget section */

/* Begin PBXProject section */
		E23ADF6C1D1DAC7100240D79 /* Project object */ = {
			isa = PBXProject;
			attributes = {
				LastSwiftUpdateCheck = 0730;
				LastUpgradeCheck = 0730;
				ORGANIZATIONNAME = "Hartley Development";
				TargetAttributes = {
					E23ADF731D1DAC7100240D79 = {
						CreatedOnToolsVersion = 7.3.1;
					};
				};
			};
			buildConfigurationList = E23ADF6F1D1DAC7100240D79 /* Build configuration list for PBXProject "Pair" */;
			compatibilityVersion = "Xcode 3.2";
			developmentRegion = English;
			hasScannedForEncodings = 0;
			knownRegions = (
				en,
				Base,
			);
			mainGroup = E23ADF6B1D1DAC7100240D79;
			productRefGroup = E23ADF751D1DAC7100240D79 /* Products */;
			projectDirPath = "";
			projectRoot = "";
			targets = (
				E23ADF731D1DAC7100240D79 /* Pair */,
			);
		};
/* End PBXProject section */

/* Begin PBXResourcesBuildPhase section */
		E23ADF721D1DAC7100240D79 /* Resources */ = {
			isa = PBXResourcesBuildPhase;
			buildActionMask = 2147483647;
			files = (
				E23ADF821D1DAC7100240D79 /* LaunchScreen.storyboard in Resources */,
				E23ADF7F1D1DAC7100240D79 /* Assets.xcassets in Resources */,
				E23ADF7D1D1DAC7100240D79 /* Main.storyboard in Resources */,
			);
			runOnlyForDeploymentPostprocessing = 0;
		};
/* End PBXResourcesBuildPhase section */

/* Begin PBXSourcesBuildPhase section */
		E23ADF701D1DAC7100240D79 /* Sources */ = {
			isa = PBXSourcesBuildPhase;
			buildActionMask = 2147483647;
			files = (
				E23ADF8C1D1DAFED00240D79 /* PairController.swift in Sources */,
				E23ADF781D1DAC7100240D79 /* AppDelegate.swift in Sources */,
				E23ADF9A1D1DB35000240D79 /* Stack.swift in Sources */,
				E23ADF8A1D1DAFDE00240D79 /* PairTableViewController.swift in Sources */,
				E23ADF911D1DB1AC00240D79 /* Model.xcdatamodeld in Sources */,
				E23ADF941D1DB27A00240D79 /* Pair+CoreDataProperties.swift in Sources */,
				E23ADF951D1DB27A00240D79 /* Pair.swift in Sources */,
			);
			runOnlyForDeploymentPostprocessing = 0;
		};
/* End PBXSourcesBuildPhase section */

/* Begin PBXVariantGroup section */
		E23ADF7B1D1DAC7100240D79 /* Main.storyboard */ = {
			isa = PBXVariantGroup;
			children = (
				E23ADF7C1D1DAC7100240D79 /* Base */,
			);
			name = Main.storyboard;
			sourceTree = "<group>";
		};
		E23ADF801D1DAC7100240D79 /* LaunchScreen.storyboard */ = {
			isa = PBXVariantGroup;
			children = (
				E23ADF811D1DAC7100240D79 /* Base */,
			);
			name = LaunchScreen.storyboard;
			sourceTree = "<group>";
		};
/* End PBXVariantGroup section */

/* Begin XCBuildConfiguration section */
		E23ADF841D1DAC7100240D79 /* Debug */ = {
			isa = XCBuildConfiguration;
			buildSettings = {
				ALWAYS_SEARCH_USER_PATHS = NO;
				CLANG_ANALYZER_NONNULL = YES;
				CLANG_CXX_LANGUAGE_STANDARD = "gnu++0x";
				CLANG_CXX_LIBRARY = "libc++";
				CLANG_ENABLE_MODULES = YES;
				CLANG_ENABLE_OBJC_ARC = YES;
				CLANG_WARN_BOOL_CONVERSION = YES;
				CLANG_WARN_CONSTANT_CONVERSION = YES;
				CLANG_WARN_DIRECT_OBJC_ISA_USAGE = YES_ERROR;
				CLANG_WARN_EMPTY_BODY = YES;
				CLANG_WARN_ENUM_CONVERSION = YES;
				CLANG_WARN_INT_CONVERSION = YES;
				CLANG_WARN_OBJC_ROOT_CLASS = YES_ERROR;
				CLANG_WARN_UNREACHABLE_CODE = YES;
				CLANG_WARN__DUPLICATE_METHOD_MATCH = YES;
				"CODE_SIGN_IDENTITY[sdk=iphoneos*]" = "iPhone Developer";
				COPY_PHASE_STRIP = NO;
				DEBUG_INFORMATION_FORMAT = dwarf;
				ENABLE_STRICT_OBJC_MSGSEND = YES;
				ENABLE_TESTABILITY = YES;
				GCC_C_LANGUAGE_STANDARD = gnu99;
				GCC_DYNAMIC_NO_PIC = NO;
				GCC_NO_COMMON_BLOCKS = YES;
				GCC_OPTIMIZATION_LEVEL = 0;
				GCC_PREPROCESSOR_DEFINITIONS = (
					"DEBUG=1",
					"$(inherited)",
				);
				GCC_WARN_64_TO_32_BIT_CONVERSION = YES;
				GCC_WARN_ABOUT_RETURN_TYPE = YES_ERROR;
				GCC_WARN_UNDECLARED_SELECTOR = YES;
				GCC_WARN_UNINITIALIZED_AUTOS = YES_AGGRESSIVE;
				GCC_WARN_UNUSED_FUNCTION = YES;
				GCC_WARN_UNUSED_VARIABLE = YES;
				IPHONEOS_DEPLOYMENT_TARGET = 9.3;
				MTL_ENABLE_DEBUG_INFO = YES;
				ONLY_ACTIVE_ARCH = YES;
				SDKROOT = iphoneos;
				SWIFT_OPTIMIZATION_LEVEL = "-Onone";
				TARGETED_DEVICE_FAMILY = "1,2";
			};
			name = Debug;
		};
		E23ADF851D1DAC7100240D79 /* Release */ = {
			isa = XCBuildConfiguration;
			buildSettings = {
				ALWAYS_SEARCH_USER_PATHS = NO;
				CLANG_ANALYZER_NONNULL = YES;
				CLANG_CXX_LANGUAGE_STANDARD = "gnu++0x";
				CLANG_CXX_LIBRARY = "libc++";
				CLANG_ENABLE_MODULES = YES;
				CLANG_ENABLE_OBJC_ARC = YES;
				CLANG_WARN_BOOL_CONVERSION = YES;
				CLANG_WARN_CONSTANT_CONVERSION = YES;
				CLANG_WARN_DIRECT_OBJC_ISA_USAGE = YES_ERROR;
				CLANG_WARN_EMPTY_BODY = YES;
				CLANG_WARN_ENUM_CONVERSION = YES;
				CLANG_WARN_INT_CONVERSION = YES;
				CLANG_WARN_OBJC_ROOT_CLASS = YES_ERROR;
				CLANG_WARN_UNREACHABLE_CODE = YES;
				CLANG_WARN__DUPLICATE_METHOD_MATCH = YES;
				"CODE_SIGN_IDENTITY[sdk=iphoneos*]" = "iPhone Developer";
				COPY_PHASE_STRIP = NO;
				DEBUG_INFORMATION_FORMAT = "dwarf-with-dsym";
				ENABLE_NS_ASSERTIONS = NO;
				ENABLE_STRICT_OBJC_MSGSEND = YES;
				GCC_C_LANGUAGE_STANDARD = gnu99;
				GCC_NO_COMMON_BLOCKS = YES;
				GCC_WARN_64_TO_32_BIT_CONVERSION = YES;
				GCC_WARN_ABOUT_RETURN_TYPE = YES_ERROR;
				GCC_WARN_UNDECLARED_SELECTOR = YES;
				GCC_WARN_UNINITIALIZED_AUTOS = YES_AGGRESSIVE;
				GCC_WARN_UNUSED_FUNCTION = YES;
				GCC_WARN_UNUSED_VARIABLE = YES;
				IPHONEOS_DEPLOYMENT_TARGET = 9.3;
				MTL_ENABLE_DEBUG_INFO = NO;
				SDKROOT = iphoneos;
				TARGETED_DEVICE_FAMILY = "1,2";
				VALIDATE_PRODUCT = YES;
			};
			name = Release;
		};
		E23ADF871D1DAC7100240D79 /* Debug */ = {
			isa = XCBuildConfiguration;
			buildSettings = {
				ASSETCATALOG_COMPILER_APPICON_NAME = AppIcon;
				INFOPLIST_FILE = Pair/Info.plist;
				LD_RUNPATH_SEARCH_PATHS = "$(inherited) @executable_path/Frameworks";
				PRODUCT_BUNDLE_IDENTIFIER = com.example.Pair;
				PRODUCT_NAME = "$(TARGET_NAME)";
			};
			name = Debug;
		};
		E23ADF881D1DAC7100240D79 /* Release */ = {
			isa = XCBuildConfiguration;
			buildSettings = {
				ASSETCATALOG_COMPILER_APPICON_NAME = AppIcon;
				INFOPLIST_FILE = Pair/Info.plist;
				LD_RUNPATH_SEARCH_PATHS = "$(inherited) @executable_path/Frameworks";
				PRODUCT_BUNDLE_IDENTIFIER = com.example.Pair;
				PRODUCT_NAME = "$(TARGET_NAME)";
			};
			name = Release;
		};
/* End XCBuildConfiguration section */

/* Begin XCConfigurationList section */
		E23ADF6F1D1DAC7100240D79 /* Build configuration list for PBXProject "Pair" */ = {
			isa = XCConfigurationList;
			buildConfigurations = (
				E23ADF841D1DAC7100240D79 /* Debug */,
				E23ADF851D1DAC7100240D79 /* Release */,
			);
			defaultConfigurationIsVisible = 0;
			defaultConfigurationName = Release;
		};
		E23ADF861D1DAC7100240D79 /* Build configuration list for PBXNativeTarget "Pair" */ = {
			isa = XCConfigurationList;
			buildConfigurations = (
				E23ADF871D1DAC7100240D79 /* Debug */,
				E23ADF881D1DAC7100240D79 /* Release */,
			);
			defaultConfigurationIsVisible = 0;
			defaultConfigurationName = Release;
		};
/* End XCConfigurationList section */

/* Begin XCVersionGroup section */
		E23ADF8F1D1DB1AC00240D79 /* Model.xcdatamodeld */ = {
			isa = XCVersionGroup;
			children = (
				E23ADF901D1DB1AC00240D79 /* Model.xcdatamodel */,
			);
			currentVersion = E23ADF901D1DB1AC00240D79 /* Model.xcdatamodel */;
			path = Model.xcdatamodeld;
			sourceTree = "<group>";
			versionGroupType = wrapper.xcdatamodel;
		};
/* End XCVersionGroup section */
	};
	rootObject = E23ADF6C1D1DAC7100240D79 /* Project object */;
}
